
Microsoft Visual Studio Solution File, Format Version 12.00
# Visual Studio Version 17
VisualStudioVersion = 17.11.35327.3
MinimumVisualStudioVersion = 10.0.40219.1
Project("{FAE04EC0-301F-11D3-BF4B-00C04F79EFBC}") = "src", "src.csproj", "{12BA4377-9A24-4CB1-913D-D642BF5B1192}"
EndProject
Global
	GlobalSection(SolutionConfigurationPlatforms) = preSolution
		Debug|Any CPU = Debug|Any CPU
		Release|Any CPU = Release|Any CPU
	EndGlobalSection
	GlobalSection(ProjectConfigurationPlatforms) = postSolution
		{12BA4377-9A24-4CB1-913D-D642BF5B1192}.Debug|Any CPU.ActiveCfg = Debug|Any CPU
		{12BA4377-9A24-4CB1-913D-D642BF5B1192}.Debug|Any CPU.Build.0 = Debug|Any CPU
		{12BA4377-9A24-4CB1-913D-D642BF5B1192}.Release|Any CPU.ActiveCfg = Release|Any CPU
		{12BA4377-9A24-4CB1-913D-D642BF5B1192}.Release|Any CPU.Build.0 = Release|Any CPU
	EndGlobalSection
	GlobalSection(SolutionProperties) = preSolution
		HideSolutionNode = FALSE
	EndGlobalSection
	GlobalSection(ExtensibilityGlobals) = postSolution
		SolutionGuid = {54DDD0A1-1DA7-461D-B5C7-8D7E20440E6F}
	EndGlobalSection
EndGlobal
